
Microsoft Visual Studio Solution File, Format Version 12.00
# Visual Studio 2012
Project("{FAE04EC0-301F-11D3-BF4B-00C04F79EFBC}") = "Wires", "Wires\Wires.csproj", "{190C423F-A178-43DE-A8FE-955DBD12562B}"
EndProject
Project("{FAE04EC0-301F-11D3-BF4B-00C04F79EFBC}") = "Wires.iOS", "Wires.iOS\Wires.iOS.csproj", "{B0343DA8-7002-4E66-872A-7F4AD157866C}"
EndProject
Project("{FAE04EC0-301F-11D3-BF4B-00C04F79EFBC}") = "Wires.Tests", "Wires.Tests\Wires.Tests.csproj", "{0246CBA8-BCEE-4B3F-88A8-4402D4B93343}"
EndProject
Project("{2150E333-8FDC-42A3-9474-1A3956D46DE8}") = "Samples", "Samples", "{3F9AC364-3FA8-4A47-9297-90F2677353B0}"
EndProject
Project("{FAE04EC0-301F-11D3-BF4B-00C04F79EFBC}") = "Wires.Sample.iOS", "Wires.Sample.iOS\Wires.Sample.iOS.csproj", "{01F0F936-F75B-4641-9611-D40AA362B2FE}"
EndProject
Project("{FAE04EC0-301F-11D3-BF4B-00C04F79EFBC}") = "Wires.Sample.ViewModel", "Wires.Sample.ViewModel\Wires.Sample.ViewModel.csproj", "{393AF82A-554A-470E-94E2-712C19A27114}"
EndProject
Project("{FAE04EC0-301F-11D3-BF4B-00C04F79EFBC}") = "Wires.Droid", "Wires.Droid\Wires.Droid.csproj", "{631926B7-2FCE-46F4-95BB-F4C90F53F019}"
EndProject
Project("{FAE04EC0-301F-11D3-BF4B-00C04F79EFBC}") = "Wires.Sample.Droid", "Wires.Sample.Droid\Wires.Sample.Droid.csproj", "{C345A701-4558-42E3-A56B-EA0A6DF529F3}"
EndProject
Global
	GlobalSection(SolutionConfigurationPlatforms) = preSolution
		Debug|Any CPU = Debug|Any CPU
		Release|Any CPU = Release|Any CPU
		Debug|iPhoneSimulator = Debug|iPhoneSimulator
		Release|iPhone = Release|iPhone
		Release|iPhoneSimulator = Release|iPhoneSimulator
		Debug|iPhone = Debug|iPhone
	EndGlobalSection
	GlobalSection(ProjectConfigurationPlatforms) = postSolution
		{190C423F-A178-43DE-A8FE-955DBD12562B}.Debug|Any CPU.ActiveCfg = Debug|Any CPU
		{190C423F-A178-43DE-A8FE-955DBD12562B}.Debug|Any CPU.Build.0 = Debug|Any CPU
		{190C423F-A178-43DE-A8FE-955DBD12562B}.Release|Any CPU.ActiveCfg = Release|Any CPU
		{190C423F-A178-43DE-A8FE-955DBD12562B}.Release|Any CPU.Build.0 = Release|Any CPU
		{190C423F-A178-43DE-A8FE-955DBD12562B}.Debug|iPhoneSimulator.ActiveCfg = Debug|Any CPU
		{190C423F-A178-43DE-A8FE-955DBD12562B}.Debug|iPhoneSimulator.Build.0 = Debug|Any CPU
		{190C423F-A178-43DE-A8FE-955DBD12562B}.Release|iPhone.ActiveCfg = Release|Any CPU
		{190C423F-A178-43DE-A8FE-955DBD12562B}.Release|iPhone.Build.0 = Release|Any CPU
		{190C423F-A178-43DE-A8FE-955DBD12562B}.Release|iPhoneSimulator.ActiveCfg = Release|Any CPU
		{190C423F-A178-43DE-A8FE-955DBD12562B}.Release|iPhoneSimulator.Build.0 = Release|Any CPU
		{190C423F-A178-43DE-A8FE-955DBD12562B}.Debug|iPhone.ActiveCfg = Debug|Any CPU
		{190C423F-A178-43DE-A8FE-955DBD12562B}.Debug|iPhone.Build.0 = Debug|Any CPU
		{B0343DA8-7002-4E66-872A-7F4AD157866C}.Debug|Any CPU.ActiveCfg = Debug|Any CPU
		{B0343DA8-7002-4E66-872A-7F4AD157866C}.Debug|Any CPU.Build.0 = Debug|Any CPU
		{B0343DA8-7002-4E66-872A-7F4AD157866C}.Release|Any CPU.ActiveCfg = Release|Any CPU
		{B0343DA8-7002-4E66-872A-7F4AD157866C}.Release|Any CPU.Build.0 = Release|Any CPU
		{B0343DA8-7002-4E66-872A-7F4AD157866C}.Debug|iPhoneSimulator.ActiveCfg = Debug|Any CPU
		{B0343DA8-7002-4E66-872A-7F4AD157866C}.Debug|iPhoneSimulator.Build.0 = Debug|Any CPU
		{B0343DA8-7002-4E66-872A-7F4AD157866C}.Release|iPhone.ActiveCfg = Release|Any CPU
		{B0343DA8-7002-4E66-872A-7F4AD157866C}.Release|iPhone.Build.0 = Release|Any CPU
		{B0343DA8-7002-4E66-872A-7F4AD157866C}.Release|iPhoneSimulator.ActiveCfg = Release|Any CPU
		{B0343DA8-7002-4E66-872A-7F4AD157866C}.Release|iPhoneSimulator.Build.0 = Release|Any CPU
		{B0343DA8-7002-4E66-872A-7F4AD157866C}.Debug|iPhone.ActiveCfg = Debug|Any CPU
		{B0343DA8-7002-4E66-872A-7F4AD157866C}.Debug|iPhone.Build.0 = Debug|Any CPU
		{0246CBA8-BCEE-4B3F-88A8-4402D4B93343}.Debug|Any CPU.ActiveCfg = Debug|Any CPU
		{0246CBA8-BCEE-4B3F-88A8-4402D4B93343}.Debug|Any CPU.Build.0 = Debug|Any CPU
		{0246CBA8-BCEE-4B3F-88A8-4402D4B93343}.Release|Any CPU.ActiveCfg = Release|Any CPU
		{0246CBA8-BCEE-4B3F-88A8-4402D4B93343}.Release|Any CPU.Build.0 = Release|Any CPU
		{0246CBA8-BCEE-4B3F-88A8-4402D4B93343}.Debug|iPhoneSimulator.ActiveCfg = Debug|Any CPU
		{0246CBA8-BCEE-4B3F-88A8-4402D4B93343}.Debug|iPhoneSimulator.Build.0 = Debug|Any CPU
		{0246CBA8-BCEE-4B3F-88A8-4402D4B93343}.Release|iPhone.ActiveCfg = Release|Any CPU
		{0246CBA8-BCEE-4B3F-88A8-4402D4B93343}.Release|iPhone.Build.0 = Release|Any CPU
		{0246CBA8-BCEE-4B3F-88A8-4402D4B93343}.Release|iPhoneSimulator.ActiveCfg = Release|Any CPU
		{0246CBA8-BCEE-4B3F-88A8-4402D4B93343}.Release|iPhoneSimulator.Build.0 = Release|Any CPU
		{0246CBA8-BCEE-4B3F-88A8-4402D4B93343}.Debug|iPhone.ActiveCfg = Debug|Any CPU
		{0246CBA8-BCEE-4B3F-88A8-4402D4B93343}.Debug|iPhone.Build.0 = Debug|Any CPU
		{01F0F936-F75B-4641-9611-D40AA362B2FE}.Debug|Any CPU.ActiveCfg = Debug|iPhoneSimulator
		{01F0F936-F75B-4641-9611-D40AA362B2FE}.Debug|Any CPU.Build.0 = Debug|iPhoneSimulator
		{01F0F936-F75B-4641-9611-D40AA362B2FE}.Release|Any CPU.ActiveCfg = Release|iPhone
		{01F0F936-F75B-4641-9611-D40AA362B2FE}.Release|Any CPU.Build.0 = Release|iPhone
		{01F0F936-F75B-4641-9611-D40AA362B2FE}.Debug|iPhoneSimulator.ActiveCfg = Debug|iPhoneSimulator
		{01F0F936-F75B-4641-9611-D40AA362B2FE}.Debug|iPhoneSimulator.Build.0 = Debug|iPhoneSimulator
		{01F0F936-F75B-4641-9611-D40AA362B2FE}.Release|iPhone.ActiveCfg = Release|iPhone
		{01F0F936-F75B-4641-9611-D40AA362B2FE}.Release|iPhone.Build.0 = Release|iPhone
		{01F0F936-F75B-4641-9611-D40AA362B2FE}.Release|iPhoneSimulator.ActiveCfg = Release|iPhoneSimulator
		{01F0F936-F75B-4641-9611-D40AA362B2FE}.Release|iPhoneSimulator.Build.0 = Release|iPhoneSimulator
		{01F0F936-F75B-4641-9611-D40AA362B2FE}.Debug|iPhone.ActiveCfg = Debug|iPhone
		{01F0F936-F75B-4641-9611-D40AA362B2FE}.Debug|iPhone.Build.0 = Debug|iPhone
		{393AF82A-554A-470E-94E2-712C19A27114}.Debug|Any CPU.ActiveCfg = Debug|Any CPU
		{393AF82A-554A-470E-94E2-712C19A27114}.Debug|Any CPU.Build.0 = Debug|Any CPU
		{393AF82A-554A-470E-94E2-712C19A27114}.Release|Any CPU.ActiveCfg = Release|Any CPU
		{393AF82A-554A-470E-94E2-712C19A27114}.Release|Any CPU.Build.0 = Release|Any CPU
		{393AF82A-554A-470E-94E2-712C19A27114}.Debug|iPhoneSimulator.ActiveCfg = Debug|Any CPU
		{393AF82A-554A-470E-94E2-712C19A27114}.Debug|iPhoneSimulator.Build.0 = Debug|Any CPU
		{393AF82A-554A-470E-94E2-712C19A27114}.Release|iPhone.ActiveCfg = Release|Any CPU
		{393AF82A-554A-470E-94E2-712C19A27114}.Release|iPhone.Build.0 = Release|Any CPU
		{393AF82A-554A-470E-94E2-712C19A27114}.Release|iPhoneSimulator.ActiveCfg = Release|Any CPU
		{393AF82A-554A-470E-94E2-712C19A27114}.Release|iPhoneSimulator.Build.0 = Release|Any CPU
		{393AF82A-554A-470E-94E2-712C19A27114}.Debug|iPhone.ActiveCfg = Debug|Any CPU
		{393AF82A-554A-470E-94E2-712C19A27114}.Debug|iPhone.Build.0 = Debug|Any CPU
		{631926B7-2FCE-46F4-95BB-F4C90F53F019}.Debug|Any CPU.ActiveCfg = Debug|Any CPU
		{631926B7-2FCE-46F4-95BB-F4C90F53F019}.Debug|Any CPU.Build.0 = Debug|Any CPU
		{631926B7-2FCE-46F4-95BB-F4C90F53F019}.Release|Any CPU.ActiveCfg = Release|Any CPU
		{631926B7-2FCE-46F4-95BB-F4C90F53F019}.Release|Any CPU.Build.0 = Release|Any CPU
		{631926B7-2FCE-46F4-95BB-F4C90F53F019}.Debug|iPhoneSimulator.ActiveCfg = Debug|Any CPU
		{631926B7-2FCE-46F4-95BB-F4C90F53F019}.Debug|iPhoneSimulator.Build.0 = Debug|Any CPU
		{631926B7-2FCE-46F4-95BB-F4C90F53F019}.Release|iPhone.ActiveCfg = Release|Any CPU
		{631926B7-2FCE-46F4-95BB-F4C90F53F019}.Release|iPhone.Build.0 = Release|Any CPU
		{631926B7-2FCE-46F4-95BB-F4C90F53F019}.Release|iPhoneSimulator.ActiveCfg = Release|Any CPU
		{631926B7-2FCE-46F4-95BB-F4C90F53F019}.Release|iPhoneSimulator.Build.0 = Release|Any CPU
		{631926B7-2FCE-46F4-95BB-F4C90F53F019}.Debug|iPhone.ActiveCfg = Debug|Any CPU
		{631926B7-2FCE-46F4-95BB-F4C90F53F019}.Debug|iPhone.Build.0 = Debug|Any CPU
		{C345A701-4558-42E3-A56B-EA0A6DF529F3}.Debug|Any CPU.ActiveCfg = Debug|Any CPU
		{C345A701-4558-42E3-A56B-EA0A6DF529F3}.Debug|Any CPU.Build.0 = Debug|Any CPU
		{C345A701-4558-42E3-A56B-EA0A6DF529F3}.Release|Any CPU.ActiveCfg = Release|Any CPU
		{C345A701-4558-42E3-A56B-EA0A6DF529F3}.Release|Any CPU.Build.0 = Release|Any CPU
		{C345A701-4558-42E3-A56B-EA0A6DF529F3}.Debug|iPhoneSimulator.ActiveCfg = Debug|Any CPU
		{C345A701-4558-42E3-A56B-EA0A6DF529F3}.Debug|iPhoneSimulator.Build.0 = Debug|Any CPU
		{C345A701-4558-42E3-A56B-EA0A6DF529F3}.Release|iPhone.ActiveCfg = Release|Any CPU
		{C345A701-4558-42E3-A56B-EA0A6DF529F3}.Release|iPhone.Build.0 = Release|Any CPU
		{C345A701-4558-42E3-A56B-EA0A6DF529F3}.Release|iPhoneSimulator.ActiveCfg = Release|Any CPU
		{C345A701-4558-42E3-A56B-EA0A6DF529F3}.Release|iPhoneSimulator.Build.0 = Release|Any CPU
		{C345A701-4558-42E3-A56B-EA0A6DF529F3}.Debug|iPhone.ActiveCfg = Debug|Any CPU
		{C345A701-4558-42E3-A56B-EA0A6DF529F3}.Debug|iPhone.Build.0 = Debug|Any CPU
	EndGlobalSection
	GlobalSection(NestedProjects) = preSolution
		{01F0F936-F75B-4641-9611-D40AA362B2FE} = {3F9AC364-3FA8-4A47-9297-90F2677353B0}
		{393AF82A-554A-470E-94E2-712C19A27114} = {3F9AC364-3FA8-4A47-9297-90F2677353B0}
		{C345A701-4558-42E3-A56B-EA0A6DF529F3} = {3F9AC364-3FA8-4A47-9297-90F2677353B0}
	EndGlobalSection
EndGlobal
