
Microsoft Visual Studio Solution File, Format Version 12.00
# Visual Studio 2012
Project("{FAE04EC0-301F-11D3-BF4B-00C04F79EFBC}") = "Wire", "Wire\Wire.csproj", "{190C423F-A178-43DE-A8FE-955DBD12562B}"
EndProject
Project("{FAE04EC0-301F-11D3-BF4B-00C04F79EFBC}") = "Wire.iOS", "Wire.iOS\Wire.iOS.csproj", "{B0343DA8-7002-4E66-872A-7F4AD157866C}"
EndProject
Project("{FAE04EC0-301F-11D3-BF4B-00C04F79EFBC}") = "Wire.Tests", "Wire.Tests\Wire.Tests.csproj", "{0246CBA8-BCEE-4B3F-88A8-4402D4B93343}"
EndProject
Global
	GlobalSection(SolutionConfigurationPlatforms) = preSolution
		Debug|Any CPU = Debug|Any CPU
		Release|Any CPU = Release|Any CPU
	EndGlobalSection
	GlobalSection(ProjectConfigurationPlatforms) = postSolution
		{190C423F-A178-43DE-A8FE-955DBD12562B}.Debug|Any CPU.ActiveCfg = Debug|Any CPU
		{190C423F-A178-43DE-A8FE-955DBD12562B}.Debug|Any CPU.Build.0 = Debug|Any CPU
		{190C423F-A178-43DE-A8FE-955DBD12562B}.Release|Any CPU.ActiveCfg = Release|Any CPU
		{190C423F-A178-43DE-A8FE-955DBD12562B}.Release|Any CPU.Build.0 = Release|Any CPU
		{B0343DA8-7002-4E66-872A-7F4AD157866C}.Debug|Any CPU.ActiveCfg = Debug|Any CPU
		{B0343DA8-7002-4E66-872A-7F4AD157866C}.Debug|Any CPU.Build.0 = Debug|Any CPU
		{B0343DA8-7002-4E66-872A-7F4AD157866C}.Release|Any CPU.ActiveCfg = Release|Any CPU
		{B0343DA8-7002-4E66-872A-7F4AD157866C}.Release|Any CPU.Build.0 = Release|Any CPU
		{0246CBA8-BCEE-4B3F-88A8-4402D4B93343}.Debug|Any CPU.ActiveCfg = Debug|Any CPU
		{0246CBA8-BCEE-4B3F-88A8-4402D4B93343}.Debug|Any CPU.Build.0 = Debug|Any CPU
		{0246CBA8-BCEE-4B3F-88A8-4402D4B93343}.Release|Any CPU.ActiveCfg = Release|Any CPU
		{0246CBA8-BCEE-4B3F-88A8-4402D4B93343}.Release|Any CPU.Build.0 = Release|Any CPU
	EndGlobalSection
EndGlobal
